lockVersion: 2.0.0
id: ba4818a0-d377-41fb-afb6-8de026af1fe1
management:
  docChecksum: 19d61bbb8ec610bb129936bcdb88700c
  docVersion: 1.0.0
  speakeasyVersion: 1.658.2
  generationVersion: 2.755.9
  releaseVersion: 0.0.18
  configChecksum: 1103e2315143ddde314b321eb46eef3a
features:
  mcp-typescript:
    acceptHeaders: 0.1.0
    additionalDependencies: 0.1.0
    constsAndDefaults: 0.1.0
    core: 0.8.2
    defaultEnabledRetries: 0.1.0
    enumUnions: 0.1.0
    globalSecurityCallbacks: 0.0.0
    globalServerURLs: 0.1.1
    nullables: 0.1.0
    responseFormat: 0.1.0
    retries: 0.1.0
    sdkHooks: 0.2.1
generatedFiles:
  - .dxtignore
  - .gitattributes
  - .npmignore
  - eslint.config.mjs
  - manifest.json
  - package.json
  - src/core.ts
  - src/funcs/evaluationsAddEvaluatorToSuiteConfig.ts
  - src/funcs/evaluationsCreateDataset.ts
  - src/funcs/evaluationsCreateDatasetItem.ts
  - src/funcs/evaluationsCreateDatasetItemsBulk.ts
  - src/funcs/evaluationsCreateDatasetRunConfig.ts
  - src/funcs/evaluationsCreateEvaluationJobConfig.ts
  - src/funcs/evaluationsCreateEvaluationResult.ts
  - src/funcs/evaluationsCreateEvaluationRunConfig.ts
  - src/funcs/evaluationsCreateEvaluationSuiteConfig.ts
  - src/funcs/evaluationsCreateEvaluator.ts
  - src/funcs/evaluationsDeleteDataset.ts
  - src/funcs/evaluationsDeleteDatasetItem.ts
  - src/funcs/evaluationsDeleteDatasetRunConfig.ts
  - src/funcs/evaluationsDeleteEvaluationJobConfig.ts
  - src/funcs/evaluationsDeleteEvaluationResult.ts
  - src/funcs/evaluationsDeleteEvaluationRunConfig.ts
  - src/funcs/evaluationsDeleteEvaluationSuiteConfig.ts
  - src/funcs/evaluationsDeleteEvaluator.ts
  - src/funcs/evaluationsGetDataset.ts
  - src/funcs/evaluationsGetDatasetItem.ts
  - src/funcs/evaluationsGetDatasetRun.ts
  - src/funcs/evaluationsGetDatasetRunConfig.ts
  - src/funcs/evaluationsGetEvaluationJobConfig.ts
  - src/funcs/evaluationsGetEvaluationJobConfigResults.ts
  - src/funcs/evaluationsGetEvaluationResult.ts
  - src/funcs/evaluationsGetEvaluationRunConfig.ts
  - src/funcs/evaluationsGetEvaluationRunConfigResults.ts
  - src/funcs/evaluationsGetEvaluationSuiteConfig.ts
  - src/funcs/evaluationsGetEvaluator.ts
  - src/funcs/evaluationsListDatasetItems.ts
  - src/funcs/evaluationsListDatasetRunConfigs.ts
  - src/funcs/evaluationsListDatasetRuns.ts
  - src/funcs/evaluationsListDatasets.ts
  - src/funcs/evaluationsListEvaluationJobConfigs.ts
  - src/funcs/evaluationsListEvaluationRunConfigs.ts
  - src/funcs/evaluationsListEvaluationSuiteConfigEvaluators.ts
  - src/funcs/evaluationsListEvaluationSuiteConfigs.ts
  - src/funcs/evaluationsListEvaluators.ts
  - src/funcs/evaluationsRemoveEvaluatorFromSuiteConfig.ts
  - src/funcs/evaluationsUpdateDataset.ts
  - src/funcs/evaluationsUpdateDatasetItem.ts
  - src/funcs/evaluationsUpdateDatasetRunConfig.ts
  - src/funcs/evaluationsUpdateEvaluationJobConfig.ts
  - src/funcs/evaluationsUpdateEvaluationResult.ts
  - src/funcs/evaluationsUpdateEvaluationRunConfig.ts
  - src/funcs/evaluationsUpdateEvaluationSuiteConfig.ts
  - src/funcs/evaluationsUpdateEvaluator.ts
  - src/funcs/healthGetHealth.ts
  - src/hooks/hooks.ts
  - src/hooks/types.ts
  - src/lib/base64.ts
  - src/lib/config.ts
  - src/lib/dlv.ts
  - src/lib/encodings.ts
  - src/lib/env.ts
  - src/lib/files.ts
  - src/lib/http.ts
  - src/lib/is-plain-object.ts
  - src/lib/logger.ts
  - src/lib/matchers.ts
  - src/lib/primitives.ts
  - src/lib/result.ts
  - src/lib/retries.ts
  - src/lib/schemas.ts
  - src/lib/sdks.ts
  - src/lib/security.ts
  - src/lib/url.ts
  - src/mcp-server/build.mts
  - src/mcp-server/cli.ts
  - src/mcp-server/cli/start/command.ts
  - src/mcp-server/cli/start/impl.ts
  - src/mcp-server/console-logger.ts
  - src/mcp-server/extensions.ts
  - src/mcp-server/mcp-server.ts
  - src/mcp-server/prompts.ts
  - src/mcp-server/resources.ts
  - src/mcp-server/scopes.ts
  - src/mcp-server/server.ts
  - src/mcp-server/shared.ts
  - src/mcp-server/tools.ts
  - src/mcp-server/tools/evaluationsAddEvaluatorToSuiteConfig.ts
  - src/mcp-server/tools/evaluationsCreateDataset.ts
  - src/mcp-server/tools/evaluationsCreateDatasetItem.ts
  - src/mcp-server/tools/evaluationsCreateDatasetItemsBulk.ts
  - src/mcp-server/tools/evaluationsCreateDatasetRunConfig.ts
  - src/mcp-server/tools/evaluationsCreateEvaluationJobConfig.ts
  - src/mcp-server/tools/evaluationsCreateEvaluationResult.ts
  - src/mcp-server/tools/evaluationsCreateEvaluationRunConfig.ts
  - src/mcp-server/tools/evaluationsCreateEvaluationSuiteConfig.ts
  - src/mcp-server/tools/evaluationsCreateEvaluator.ts
  - src/mcp-server/tools/evaluationsDeleteDataset.ts
  - src/mcp-server/tools/evaluationsDeleteDatasetItem.ts
  - src/mcp-server/tools/evaluationsDeleteDatasetRunConfig.ts
  - src/mcp-server/tools/evaluationsDeleteEvaluationJobConfig.ts
  - src/mcp-server/tools/evaluationsDeleteEvaluationResult.ts
  - src/mcp-server/tools/evaluationsDeleteEvaluationRunConfig.ts
  - src/mcp-server/tools/evaluationsDeleteEvaluationSuiteConfig.ts
  - src/mcp-server/tools/evaluationsDeleteEvaluator.ts
  - src/mcp-server/tools/evaluationsGetDataset.ts
  - src/mcp-server/tools/evaluationsGetDatasetItem.ts
  - src/mcp-server/tools/evaluationsGetDatasetRun.ts
  - src/mcp-server/tools/evaluationsGetDatasetRunConfig.ts
  - src/mcp-server/tools/evaluationsGetEvaluationJobConfig.ts
  - src/mcp-server/tools/evaluationsGetEvaluationJobConfigResults.ts
  - src/mcp-server/tools/evaluationsGetEvaluationResult.ts
  - src/mcp-server/tools/evaluationsGetEvaluationRunConfig.ts
  - src/mcp-server/tools/evaluationsGetEvaluationRunConfigResults.ts
  - src/mcp-server/tools/evaluationsGetEvaluationSuiteConfig.ts
  - src/mcp-server/tools/evaluationsGetEvaluator.ts
  - src/mcp-server/tools/evaluationsListDatasetItems.ts
  - src/mcp-server/tools/evaluationsListDatasetRunConfigs.ts
  - src/mcp-server/tools/evaluationsListDatasetRuns.ts
  - src/mcp-server/tools/evaluationsListDatasets.ts
  - src/mcp-server/tools/evaluationsListEvaluationJobConfigs.ts
  - src/mcp-server/tools/evaluationsListEvaluationRunConfigs.ts
  - src/mcp-server/tools/evaluationsListEvaluationSuiteConfigEvaluators.ts
  - src/mcp-server/tools/evaluationsListEvaluationSuiteConfigs.ts
  - src/mcp-server/tools/evaluationsListEvaluators.ts
  - src/mcp-server/tools/evaluationsRemoveEvaluatorFromSuiteConfig.ts
  - src/mcp-server/tools/evaluationsUpdateDataset.ts
  - src/mcp-server/tools/evaluationsUpdateDatasetItem.ts
  - src/mcp-server/tools/evaluationsUpdateDatasetRunConfig.ts
  - src/mcp-server/tools/evaluationsUpdateEvaluationJobConfig.ts
  - src/mcp-server/tools/evaluationsUpdateEvaluationResult.ts
  - src/mcp-server/tools/evaluationsUpdateEvaluationRunConfig.ts
  - src/mcp-server/tools/evaluationsUpdateEvaluationSuiteConfig.ts
  - src/mcp-server/tools/evaluationsUpdateEvaluator.ts
  - src/mcp-server/tools/healthGetHealth.ts
  - src/models/addevaluatortosuiteconfigop.ts
  - src/models/badrequest.ts
  - src/models/createdatasetitemop.ts
  - src/models/createdatasetitemsbulkop.ts
  - src/models/createdatasetop.ts
  - src/models/createdatasetrunconfigop.ts
  - src/models/createevaluationjobconfigop.ts
  - src/models/createevaluationresultop.ts
  - src/models/createevaluationrunconfigop.ts
  - src/models/createevaluationsuiteconfigop.ts
  - src/models/createevaluatorop.ts
  - src/models/deletedatasetitemop.ts
  - src/models/deletedatasetop.ts
  - src/models/deletedatasetrunconfigop.ts
  - src/models/deleteevaluationjobconfigop.ts
  - src/models/deleteevaluationresultop.ts
  - src/models/deleteevaluationrunconfigop.ts
  - src/models/deleteevaluationsuiteconfigop.ts
  - src/models/deleteevaluatorop.ts
  - src/models/errors/apierror.ts
  - src/models/errors/httpclienterrors.ts
  - src/models/errors/sdkvalidationerror.ts
  - src/models/forbidden.ts
  - src/models/getdatasetitemop.ts
  - src/models/getdatasetop.ts
  - src/models/getdatasetrunconfigop.ts
  - src/models/getdatasetrunop.ts
  - src/models/getevaluationjobconfigop.ts
  - src/models/getevaluationjobconfigresultsop.ts
  - src/models/getevaluationresultop.ts
  - src/models/getevaluationrunconfigop.ts
  - src/models/getevaluationrunconfigresultsop.ts
  - src/models/getevaluationsuiteconfigop.ts
  - src/models/getevaluatorop.ts
  - src/models/gethealthop.ts
  - src/models/internalservererror.ts
  - src/models/listdatasetitemsop.ts
  - src/models/listdatasetrunconfigsop.ts
  - src/models/listdatasetrunsop.ts
  - src/models/listdatasetsop.ts
  - src/models/listevaluationjobconfigsop.ts
  - src/models/listevaluationrunconfigsop.ts
  - src/models/listevaluationsuiteconfigevaluatorsop.ts
  - src/models/listevaluationsuiteconfigsop.ts
  - src/models/listevaluatorsop.ts
  - src/models/notfound.ts
  - src/models/pagination.ts
  - src/models/removeevaluatorfromsuiteconfigop.ts
  - src/models/unauthorized.ts
  - src/models/unprocessableentity.ts
  - src/models/updatedatasetitemop.ts
  - src/models/updatedatasetop.ts
  - src/models/updatedatasetrunconfigop.ts
  - src/models/updateevaluationjobconfigop.ts
  - src/models/updateevaluationresultop.ts
  - src/models/updateevaluationrunconfigop.ts
  - src/models/updateevaluationsuiteconfigop.ts
  - src/models/updateevaluatorop.ts
  - src/types/async.ts
  - src/types/blobs.ts
  - src/types/enums.ts
  - src/types/fp.ts
  - src/types/rfcdate.ts
  - src/types/streams.ts
  - tsconfig.json
examplesVersion: 1.0.2
