lockVersion: 2.0.0
id: bad7ded4-db98-423d-8066-7d288d35ef8f
management:
  docChecksum: a28736665ebcd972bb77dbd9bb614fc4
  docVersion: 1.0.0
  speakeasyVersion: 1.658.2
  generationVersion: 2.755.9
  releaseVersion: 0.0.5
  configChecksum: 4fd9d4302eb59d55bc0f683c76491e5e
features:
  mcp-typescript:
    acceptHeaders: 0.1.0
    additionalDependencies: 0.1.0
    constsAndDefaults: 0.1.0
    core: 0.8.2
    defaultEnabledRetries: 0.1.0
    enumUnions: 0.1.0
    globalSecurityCallbacks: 0.0.0
    globalServerURLs: 0.1.1
    nullables: 0.1.0
    responseFormat: 0.1.0
    retries: 0.1.0
    sdkHooks: 0.2.1
    unions: 0.2.0
generatedFiles:
  - .dxtignore
  - .gitattributes
  - .npmignore
  - eslint.config.mjs
  - manifest.json
  - package.json
  - src/core.ts
  - src/funcs/agentArtifactComponentRelationsAssociateArtifactComponentWithAgent.ts
  - src/funcs/agentArtifactComponentRelationsCheckArtifactComponentAgentAssociation.ts
  - src/funcs/agentArtifactComponentRelationsGetAgentsUsingArtifactComponent.ts
  - src/funcs/agentArtifactComponentRelationsGetArtifactComponentsForAgent.ts
  - src/funcs/agentArtifactComponentRelationsRemoveArtifactComponentFromAgent.ts
  - src/funcs/agentDataComponentRelationsAssociateDataComponentWithAgent.ts
  - src/funcs/agentDataComponentRelationsCheckDataComponentAgentAssociation.ts
  - src/funcs/agentDataComponentRelationsGetAgentsUsingDataComponent.ts
  - src/funcs/agentDataComponentRelationsGetDataComponentsForAgent.ts
  - src/funcs/agentDataComponentRelationsRemoveDataComponentFromAgent.ts
  - src/funcs/agentGetFullAgentDefinition.ts
  - src/funcs/agentGetRelatedAgentInfos.ts
  - src/funcs/agentsCreateAgent.ts
  - src/funcs/agentsDeleteAgent.ts
  - src/funcs/agentsGetAgent.ts
  - src/funcs/agentsListAgents.ts
  - src/funcs/agentsUpdateAgent.ts
  - src/funcs/apiKeysCreateAPIKey.ts
  - src/funcs/apiKeysDeleteAPIKey.ts
  - src/funcs/apiKeysGetAPIKeyById.ts
  - src/funcs/apiKeysListAPIKeys.ts
  - src/funcs/apiKeysUpdateAPIKey.ts
  - src/funcs/artifactComponentCreateArtifactComponent.ts
  - src/funcs/artifactComponentDeleteArtifactComponent.ts
  - src/funcs/artifactComponentGetArtifactComponentById.ts
  - src/funcs/artifactComponentListArtifactComponents.ts
  - src/funcs/artifactComponentUpdateArtifactComponent.ts
  - src/funcs/contextConfigCreateContextConfig.ts
  - src/funcs/contextConfigDeleteContextConfig.ts
  - src/funcs/contextConfigGetContextConfigById.ts
  - src/funcs/contextConfigListContextConfigs.ts
  - src/funcs/contextConfigUpdateContextConfig.ts
  - src/funcs/credentialCreateCredential.ts
  - src/funcs/credentialDeleteCredential.ts
  - src/funcs/credentialGetCredentialById.ts
  - src/funcs/credentialListCredentials.ts
  - src/funcs/credentialStoreCreateCredentialInStore.ts
  - src/funcs/credentialStoreListCredentialStores.ts
  - src/funcs/credentialUpdateCredential.ts
  - src/funcs/dataComponentCreateDataComponent.ts
  - src/funcs/dataComponentDeleteDataComponent.ts
  - src/funcs/dataComponentGetDataComponentById.ts
  - src/funcs/dataComponentListDataComponents.ts
  - src/funcs/dataComponentUpdateDataComponent.ts
  - src/funcs/externalAgentsCreateExternalAgent.ts
  - src/funcs/externalAgentsDeleteExternalAgent.ts
  - src/funcs/externalAgentsGetExternalAgentById.ts
  - src/funcs/externalAgentsListExternalAgents.ts
  - src/funcs/externalAgentsUpdateExternalAgent.ts
  - src/funcs/fullAgentCreateFullAgent.ts
  - src/funcs/fullAgentDeleteFullAgent.ts
  - src/funcs/fullAgentGetFullAgent.ts
  - src/funcs/fullAgentUpdateFullAgent.ts
  - src/funcs/fullProjectCreateFullProject.ts
  - src/funcs/fullProjectDeleteFullProject.ts
  - src/funcs/fullProjectGetFullProject.ts
  - src/funcs/fullProjectUpdateFullProject.ts
  - src/funcs/functionToolsCreateFunctionTool.ts
  - src/funcs/functionToolsDeleteFunctionTool.ts
  - src/funcs/functionToolsGetFunctionTool.ts
  - src/funcs/functionToolsListFunctionTools.ts
  - src/funcs/functionToolsUpdateFunctionTool.ts
  - src/funcs/functionsCreateFunction.ts
  - src/funcs/functionsDeleteFunction.ts
  - src/funcs/functionsGetFunction.ts
  - src/funcs/functionsListFunctions.ts
  - src/funcs/functionsUpdateFunction.ts
  - src/funcs/health.ts
  - src/funcs/oAuthInitiateOauthLoginPublic.ts
  - src/funcs/oAuthOauthCallback.ts
  - src/funcs/projectsCreateProject.ts
  - src/funcs/projectsDeleteProject.ts
  - src/funcs/projectsGetProjectById.ts
  - src/funcs/projectsListProjects.ts
  - src/funcs/projectsUpdateProject.ts
  - src/funcs/subAgentCreateSubagent.ts
  - src/funcs/subAgentDeleteSubagent.ts
  - src/funcs/subAgentExternalAgentRelationsCreateSubAgentExternalAgentRelation.ts
  - src/funcs/subAgentExternalAgentRelationsDeleteSubAgentExternalAgentRelation.ts
  - src/funcs/subAgentExternalAgentRelationsGetSubAgentExternalAgentRelationById.ts
  - src/funcs/subAgentExternalAgentRelationsListSubAgentExternalAgentRelations.ts
  - src/funcs/subAgentExternalAgentRelationsUpdateSubAgentExternalAgentRelation.ts
  - src/funcs/subAgentGetSubagentById.ts
  - src/funcs/subAgentListSubagents.ts
  - src/funcs/subAgentRelationsCreateSubAgentRelation.ts
  - src/funcs/subAgentRelationsDeleteSubAgentRelation.ts
  - src/funcs/subAgentRelationsGetSubAgentRelationById.ts
  - src/funcs/subAgentRelationsListSubAgentRelations.ts
  - src/funcs/subAgentRelationsUpdateSubAgentRelation.ts
  - src/funcs/subAgentTeamAgentRelationsCreateSubAgentTeamAgentRelation.ts
  - src/funcs/subAgentTeamAgentRelationsDeleteSubAgentTeamAgentRelation.ts
  - src/funcs/subAgentTeamAgentRelationsGetSubAgentTeamAgentRelationById.ts
  - src/funcs/subAgentTeamAgentRelationsListSubAgentTeamAgentRelations.ts
  - src/funcs/subAgentTeamAgentRelationsUpdateSubAgentTeamAgentRelation.ts
  - src/funcs/subAgentToolRelationsCreateSubagentToolRelation.ts
  - src/funcs/subAgentToolRelationsDeleteSubagentToolRelation.ts
  - src/funcs/subAgentToolRelationsGetSubagentToolRelation.ts
  - src/funcs/subAgentToolRelationsGetSubagentsForTool.ts
  - src/funcs/subAgentToolRelationsListSubagentToolRelations.ts
  - src/funcs/subAgentToolRelationsUpdateSubagentToolRelation.ts
  - src/funcs/subAgentUpdateSubagent.ts
  - src/funcs/toolsCreateTool.ts
  - src/funcs/toolsDeleteTool.ts
  - src/funcs/toolsGetTool.ts
  - src/funcs/toolsListTools.ts
  - src/funcs/toolsUpdateTool.ts
  - src/hooks/hooks.ts
  - src/hooks/types.ts
  - src/lib/base64.ts
  - src/lib/config.ts
  - src/lib/dlv.ts
  - src/lib/encodings.ts
  - src/lib/env.ts
  - src/lib/files.ts
  - src/lib/http.ts
  - src/lib/is-plain-object.ts
  - src/lib/logger.ts
  - src/lib/matchers.ts
  - src/lib/primitives.ts
  - src/lib/result.ts
  - src/lib/retries.ts
  - src/lib/schemas.ts
  - src/lib/sdks.ts
  - src/lib/security.ts
  - src/lib/url.ts
  - src/mcp-server/build.mts
  - src/mcp-server/cli.ts
  - src/mcp-server/cli/start/command.ts
  - src/mcp-server/cli/start/impl.ts
  - src/mcp-server/console-logger.ts
  - src/mcp-server/extensions.ts
  - src/mcp-server/mcp-server.ts
  - src/mcp-server/prompts.ts
  - src/mcp-server/resources.ts
  - src/mcp-server/scopes.ts
  - src/mcp-server/server.ts
  - src/mcp-server/shared.ts
  - src/mcp-server/tools.ts
  - src/mcp-server/tools/agentArtifactComponentRelationsAssociateArtifactComponentWithAgent.ts
  - src/mcp-server/tools/agentArtifactComponentRelationsCheckArtifactComponentAgentAssociation.ts
  - src/mcp-server/tools/agentArtifactComponentRelationsGetAgentsUsingArtifactComponent.ts
  - src/mcp-server/tools/agentArtifactComponentRelationsGetArtifactComponentsForAgent.ts
  - src/mcp-server/tools/agentArtifactComponentRelationsRemoveArtifactComponentFromAgent.ts
  - src/mcp-server/tools/agentDataComponentRelationsAssociateDataComponentWithAgent.ts
  - src/mcp-server/tools/agentDataComponentRelationsCheckDataComponentAgentAssociation.ts
  - src/mcp-server/tools/agentDataComponentRelationsGetAgentsUsingDataComponent.ts
  - src/mcp-server/tools/agentDataComponentRelationsGetDataComponentsForAgent.ts
  - src/mcp-server/tools/agentDataComponentRelationsRemoveDataComponentFromAgent.ts
  - src/mcp-server/tools/agentGetFullAgentDefinition.ts
  - src/mcp-server/tools/agentGetRelatedAgentInfos.ts
  - src/mcp-server/tools/agentsCreateAgent.ts
  - src/mcp-server/tools/agentsDeleteAgent.ts
  - src/mcp-server/tools/agentsGetAgent.ts
  - src/mcp-server/tools/agentsListAgents.ts
  - src/mcp-server/tools/agentsUpdateAgent.ts
  - src/mcp-server/tools/apiKeysCreateAPIKey.ts
  - src/mcp-server/tools/apiKeysDeleteAPIKey.ts
  - src/mcp-server/tools/apiKeysGetAPIKeyById.ts
  - src/mcp-server/tools/apiKeysListAPIKeys.ts
  - src/mcp-server/tools/apiKeysUpdateAPIKey.ts
  - src/mcp-server/tools/artifactComponentCreateArtifactComponent.ts
  - src/mcp-server/tools/artifactComponentDeleteArtifactComponent.ts
  - src/mcp-server/tools/artifactComponentGetArtifactComponentById.ts
  - src/mcp-server/tools/artifactComponentListArtifactComponents.ts
  - src/mcp-server/tools/artifactComponentUpdateArtifactComponent.ts
  - src/mcp-server/tools/contextConfigCreateContextConfig.ts
  - src/mcp-server/tools/contextConfigDeleteContextConfig.ts
  - src/mcp-server/tools/contextConfigGetContextConfigById.ts
  - src/mcp-server/tools/contextConfigListContextConfigs.ts
  - src/mcp-server/tools/contextConfigUpdateContextConfig.ts
  - src/mcp-server/tools/credentialCreateCredential.ts
  - src/mcp-server/tools/credentialDeleteCredential.ts
  - src/mcp-server/tools/credentialGetCredentialById.ts
  - src/mcp-server/tools/credentialListCredentials.ts
  - src/mcp-server/tools/credentialStoreCreateCredentialInStore.ts
  - src/mcp-server/tools/credentialStoreListCredentialStores.ts
  - src/mcp-server/tools/credentialUpdateCredential.ts
  - src/mcp-server/tools/dataComponentCreateDataComponent.ts
  - src/mcp-server/tools/dataComponentDeleteDataComponent.ts
  - src/mcp-server/tools/dataComponentGetDataComponentById.ts
  - src/mcp-server/tools/dataComponentListDataComponents.ts
  - src/mcp-server/tools/dataComponentUpdateDataComponent.ts
  - src/mcp-server/tools/externalAgentsCreateExternalAgent.ts
  - src/mcp-server/tools/externalAgentsDeleteExternalAgent.ts
  - src/mcp-server/tools/externalAgentsGetExternalAgentById.ts
  - src/mcp-server/tools/externalAgentsListExternalAgents.ts
  - src/mcp-server/tools/externalAgentsUpdateExternalAgent.ts
  - src/mcp-server/tools/fullAgentCreateFullAgent.ts
  - src/mcp-server/tools/fullAgentDeleteFullAgent.ts
  - src/mcp-server/tools/fullAgentGetFullAgent.ts
  - src/mcp-server/tools/fullAgentUpdateFullAgent.ts
  - src/mcp-server/tools/fullProjectCreateFullProject.ts
  - src/mcp-server/tools/fullProjectDeleteFullProject.ts
  - src/mcp-server/tools/fullProjectGetFullProject.ts
  - src/mcp-server/tools/fullProjectUpdateFullProject.ts
  - src/mcp-server/tools/functionToolsCreateFunctionTool.ts
  - src/mcp-server/tools/functionToolsDeleteFunctionTool.ts
  - src/mcp-server/tools/functionToolsGetFunctionTool.ts
  - src/mcp-server/tools/functionToolsListFunctionTools.ts
  - src/mcp-server/tools/functionToolsUpdateFunctionTool.ts
  - src/mcp-server/tools/functionsCreateFunction.ts
  - src/mcp-server/tools/functionsDeleteFunction.ts
  - src/mcp-server/tools/functionsGetFunction.ts
  - src/mcp-server/tools/functionsListFunctions.ts
  - src/mcp-server/tools/functionsUpdateFunction.ts
  - src/mcp-server/tools/health.ts
  - src/mcp-server/tools/oAuthInitiateOauthLoginPublic.ts
  - src/mcp-server/tools/oAuthOauthCallback.ts
  - src/mcp-server/tools/projectsCreateProject.ts
  - src/mcp-server/tools/projectsDeleteProject.ts
  - src/mcp-server/tools/projectsGetProjectById.ts
  - src/mcp-server/tools/projectsListProjects.ts
  - src/mcp-server/tools/projectsUpdateProject.ts
  - src/mcp-server/tools/subAgentCreateSubagent.ts
  - src/mcp-server/tools/subAgentDeleteSubagent.ts
  - src/mcp-server/tools/subAgentExternalAgentRelationsCreateSubAgentExternalAgentRelation.ts
  - src/mcp-server/tools/subAgentExternalAgentRelationsDeleteSubAgentExternalAgentRelation.ts
  - src/mcp-server/tools/subAgentExternalAgentRelationsGetSubAgentExternalAgentRelationById.ts
  - src/mcp-server/tools/subAgentExternalAgentRelationsListSubAgentExternalAgentRelations.ts
  - src/mcp-server/tools/subAgentExternalAgentRelationsUpdateSubAgentExternalAgentRelation.ts
  - src/mcp-server/tools/subAgentGetSubagentById.ts
  - src/mcp-server/tools/subAgentListSubagents.ts
  - src/mcp-server/tools/subAgentRelationsCreateSubAgentRelation.ts
  - src/mcp-server/tools/subAgentRelationsDeleteSubAgentRelation.ts
  - src/mcp-server/tools/subAgentRelationsGetSubAgentRelationById.ts
  - src/mcp-server/tools/subAgentRelationsListSubAgentRelations.ts
  - src/mcp-server/tools/subAgentRelationsUpdateSubAgentRelation.ts
  - src/mcp-server/tools/subAgentTeamAgentRelationsCreateSubAgentTeamAgentRelation.ts
  - src/mcp-server/tools/subAgentTeamAgentRelationsDeleteSubAgentTeamAgentRelation.ts
  - src/mcp-server/tools/subAgentTeamAgentRelationsGetSubAgentTeamAgentRelationById.ts
  - src/mcp-server/tools/subAgentTeamAgentRelationsListSubAgentTeamAgentRelations.ts
  - src/mcp-server/tools/subAgentTeamAgentRelationsUpdateSubAgentTeamAgentRelation.ts
  - src/mcp-server/tools/subAgentToolRelationsCreateSubagentToolRelation.ts
  - src/mcp-server/tools/subAgentToolRelationsDeleteSubagentToolRelation.ts
  - src/mcp-server/tools/subAgentToolRelationsGetSubagentToolRelation.ts
  - src/mcp-server/tools/subAgentToolRelationsGetSubagentsForTool.ts
  - src/mcp-server/tools/subAgentToolRelationsListSubagentToolRelations.ts
  - src/mcp-server/tools/subAgentToolRelationsUpdateSubagentToolRelation.ts
  - src/mcp-server/tools/subAgentUpdateSubagent.ts
  - src/mcp-server/tools/toolsCreateTool.ts
  - src/mcp-server/tools/toolsDeleteTool.ts
  - src/mcp-server/tools/toolsGetTool.ts
  - src/mcp-server/tools/toolsListTools.ts
  - src/mcp-server/tools/toolsUpdateTool.ts
  - src/models/agent.ts
  - src/models/agentcreate.ts
  - src/models/agentlistresponse.ts
  - src/models/agentresponse.ts
  - src/models/agentstopwhen.ts
  - src/models/agentupdate.ts
  - src/models/agentwithincontextofproject.ts
  - src/models/agentwithincontextofprojectresponse.ts
  - src/models/apikey.ts
  - src/models/apikeycreate.ts
  - src/models/apikeylistresponse.ts
  - src/models/apikeyresponse.ts
  - src/models/apikeyupdate.ts
  - src/models/artifactcomponent.ts
  - src/models/artifactcomponentarrayresponse.ts
  - src/models/artifactcomponentcreate.ts
  - src/models/artifactcomponentlistresponse.ts
  - src/models/artifactcomponentresponse.ts
  - src/models/artifactcomponentupdate.ts
  - src/models/associateartifactcomponentwithagentop.ts
  - src/models/associatedatacomponentwithagentop.ts
  - src/models/badrequest.ts
  - src/models/candelegatetoexternalagent.ts
  - src/models/candelegatetoteamagent.ts
  - src/models/canuseitem.ts
  - src/models/checkartifactcomponentagentassociationop.ts
  - src/models/checkdatacomponentagentassociationop.ts
  - src/models/componentassociation.ts
  - src/models/componentassociationlistresponse.ts
  - src/models/contextconfig.ts
  - src/models/contextconfigcreate.ts
  - src/models/contextconfiglistresponse.ts
  - src/models/contextconfigresponse.ts
  - src/models/contextconfigupdate.ts
  - src/models/createagentop.ts
  - src/models/createapikeyop.ts
  - src/models/createartifactcomponentop.ts
  - src/models/createcontextconfigop.ts
  - src/models/createcredentialinstoreop.ts
  - src/models/createcredentialinstorerequest.ts
  - src/models/createcredentialinstoreresponse.ts
  - src/models/createcredentialop.ts
  - src/models/createdatacomponentop.ts
  - src/models/createexternalagentop.ts
  - src/models/createfullagentop.ts
  - src/models/createfullprojectop.ts
  - src/models/createfunctionop.ts
  - src/models/createfunctiontoolop.ts
  - src/models/createprojectop.ts
  - src/models/createsubagentexternalagentrelationop.ts
  - src/models/createsubagentop.ts
  - src/models/createsubagentrelationop.ts
  - src/models/createsubagentteamagentrelationop.ts
  - src/models/createsubagenttoolrelationop.ts
  - src/models/createtoolop.ts
  - src/models/credentialreference.ts
  - src/models/credentialreferencecreate.ts
  - src/models/credentialreferencelistresponse.ts
  - src/models/credentialreferenceresponse.ts
  - src/models/credentialreferenceupdate.ts
  - src/models/credentialstore.ts
  - src/models/credentialstorelistresponse.ts
  - src/models/datacomponent.ts
  - src/models/datacomponentarrayresponse.ts
  - src/models/datacomponentcreate.ts
  - src/models/datacomponentlistresponse.ts
  - src/models/datacomponentresponse.ts
  - src/models/datacomponentupdate.ts
  - src/models/deleteagentop.ts
  - src/models/deleteapikeyop.ts
  - src/models/deleteartifactcomponentop.ts
  - src/models/deletecontextconfigop.ts
  - src/models/deletecredentialop.ts
  - src/models/deletedatacomponentop.ts
  - src/models/deleteexternalagentop.ts
  - src/models/deletefullagentop.ts
  - src/models/deletefullprojectop.ts
  - src/models/deletefunctionop.ts
  - src/models/deletefunctiontoolop.ts
  - src/models/deleteprojectop.ts
  - src/models/deletesubagentexternalagentrelationop.ts
  - src/models/deletesubagentop.ts
  - src/models/deletesubagentrelationop.ts
  - src/models/deletesubagentteamagentrelationop.ts
  - src/models/deletesubagenttoolrelationop.ts
  - src/models/deletetoolop.ts
  - src/models/errorresponse.ts
  - src/models/errors/apierror.ts
  - src/models/errors/httpclienterrors.ts
  - src/models/errors/sdkvalidationerror.ts
  - src/models/existsresponse.ts
  - src/models/externalagent.ts
  - src/models/externalagentcreate.ts
  - src/models/externalagentlistresponse.ts
  - src/models/externalagentresponse.ts
  - src/models/externalagentupdate.ts
  - src/models/forbidden.ts
  - src/models/fullagentagentinsert.ts
  - src/models/fullprojectdefinition.ts
  - src/models/fullprojectdefinitionresponse.ts
  - src/models/function.ts
  - src/models/functioncreate.ts
  - src/models/functionlistresponse.ts
  - src/models/functionresponse.ts
  - src/models/functiontool.ts
  - src/models/functiontoolcreate.ts
  - src/models/functiontoollistresponse.ts
  - src/models/functiontoolresponse.ts
  - src/models/functiontoolupdate.ts
  - src/models/functionupdate.ts
  - src/models/getagentop.ts
  - src/models/getagentsusingartifactcomponentop.ts
  - src/models/getagentsusingdatacomponentop.ts
  - src/models/getapikeybyidop.ts
  - src/models/getartifactcomponentbyidop.ts
  - src/models/getartifactcomponentsforagentop.ts
  - src/models/getcontextconfigbyidop.ts
  - src/models/getcredentialbyidop.ts
  - src/models/getdatacomponentbyidop.ts
  - src/models/getdatacomponentsforagentop.ts
  - src/models/getexternalagentbyidop.ts
  - src/models/getfullagentdefinitionop.ts
  - src/models/getfullagentop.ts
  - src/models/getfullprojectop.ts
  - src/models/getfunctionop.ts
  - src/models/getfunctiontoolop.ts
  - src/models/getprojectbyidop.ts
  - src/models/getrelatedagentinfosop.ts
  - src/models/getsubagentbyidop.ts
  - src/models/getsubagentexternalagentrelationbyidop.ts
  - src/models/getsubagentrelationbyidop.ts
  - src/models/getsubagentsfortoolop.ts
  - src/models/getsubagentteamagentrelationbyidop.ts
  - src/models/getsubagenttoolrelationop.ts
  - src/models/gettoolop.ts
  - src/models/healthop.ts
  - src/models/initiateoauthloginpublicop.ts
  - src/models/internalservererror.ts
  - src/models/listagentsop.ts
  - src/models/listapikeysop.ts
  - src/models/listartifactcomponentsop.ts
  - src/models/listcontextconfigsop.ts
  - src/models/listcredentialsop.ts
  - src/models/listcredentialstoresop.ts
  - src/models/listdatacomponentsop.ts
  - src/models/listexternalagentsop.ts
  - src/models/listfunctionsop.ts
  - src/models/listfunctiontoolsop.ts
  - src/models/listprojectsop.ts
  - src/models/listsubagentexternalagentrelationsop.ts
  - src/models/listsubagentrelationsop.ts
  - src/models/listsubagentsop.ts
  - src/models/listsubagentteamagentrelationsop.ts
  - src/models/listsubagenttoolrelationsop.ts
  - src/models/listtoolsop.ts
  - src/models/mcptool.ts
  - src/models/mcptoollistresponse.ts
  - src/models/mcptoolresponse.ts
  - src/models/model.ts
  - src/models/modelsettings.ts
  - src/models/notfound.ts
  - src/models/oauthcallbackop.ts
  - src/models/pagination.ts
  - src/models/project.ts
  - src/models/projectcreate.ts
  - src/models/projectlistresponse.ts
  - src/models/projectmodel.ts
  - src/models/projectresponse.ts
  - src/models/projectupdate.ts
  - src/models/relatedagentinfo.ts
  - src/models/relatedagentinfolistresponse.ts
  - src/models/removeartifactcomponentfromagentop.ts
  - src/models/removedatacomponentfromagentop.ts
  - src/models/removedresponse.ts
  - src/models/statuscomponent.ts
  - src/models/statusupdate.ts
  - src/models/stopwhen.ts
  - src/models/subagent.ts
  - src/models/subagentartifactcomponentresponse.ts
  - src/models/subagentcreate.ts
  - src/models/subagentdatacomponentresponse.ts
  - src/models/subagentexternalagentrelation.ts
  - src/models/subagentexternalagentrelationcreate.ts
  - src/models/subagentexternalagentrelationlistresponse.ts
  - src/models/subagentexternalagentrelationresponse.ts
  - src/models/subagentexternalagentrelationupdate.ts
  - src/models/subagentlistresponse.ts
  - src/models/subagentrelation.ts
  - src/models/subagentrelationcreate.ts
  - src/models/subagentrelationlistresponse.ts
  - src/models/subagentrelationresponse.ts
  - src/models/subagentrelationupdate.ts
  - src/models/subagentresponse.ts
  - src/models/subagentteamagentrelation.ts
  - src/models/subagentteamagentrelationcreate.ts
  - src/models/subagentteamagentrelationlistresponse.ts
  - src/models/subagentteamagentrelationresponse.ts
  - src/models/subagentteamagentrelationupdate.ts
  - src/models/subagenttoolrelation.ts
  - src/models/subagenttoolrelationcreate.ts
  - src/models/subagenttoolrelationlistresponse.ts
  - src/models/subagenttoolrelationresponse.ts
  - src/models/subagenttoolrelationupdate.ts
  - src/models/subagentupdate.ts
  - src/models/teamagent.ts
  - src/models/toolcreate.ts
  - src/models/toolupdate.ts
  - src/models/unauthorized.ts
  - src/models/unprocessableentity.ts
  - src/models/updateagentop.ts
  - src/models/updateapikeyop.ts
  - src/models/updateartifactcomponentop.ts
  - src/models/updatecontextconfigop.ts
  - src/models/updatecredentialop.ts
  - src/models/updatedatacomponentop.ts
  - src/models/updateexternalagentop.ts
  - src/models/updatefullagentop.ts
  - src/models/updatefullprojectop.ts
  - src/models/updatefunctionop.ts
  - src/models/updatefunctiontoolop.ts
  - src/models/updateprojectop.ts
  - src/models/updatesubagentexternalagentrelationop.ts
  - src/models/updatesubagentop.ts
  - src/models/updatesubagentrelationop.ts
  - src/models/updatesubagentteamagentrelationop.ts
  - src/models/updatesubagenttoolrelationop.ts
  - src/models/updatetoolop.ts
  - src/types/async.ts
  - src/types/blobs.ts
  - src/types/enums.ts
  - src/types/fp.ts
  - src/types/rfcdate.ts
  - src/types/streams.ts
  - tsconfig.json
examplesVersion: 1.0.2
