speakeasyVersion: 1.698.0
sources:
    Inkeep Agents API:
        sourceNamespace: inkeep-agents-api
        sourceRevisionDigest: sha256:e3138b30fecffc27766e8d47a51b5c8a97fcf2cadd7b52b829e04d07a1ebde97
        sourceBlobDigest: sha256:c2182fa831c6edf19cea8663ffc60901348f5d43256be8b50503a36965705cda
        tags:
            - latest
            - 1.0.0
targets:
    inkeep-agents:
        source: Inkeep Agents API
        sourceNamespace: inkeep-agents-api
        sourceRevisionDigest: sha256:e3138b30fecffc27766e8d47a51b5c8a97fcf2cadd7b52b829e04d07a1ebde97
        sourceBlobDigest: sha256:c2182fa831c6edf19cea8663ffc60901348f5d43256be8b50503a36965705cda
workflow:
    workflowVersion: 1.0.0
    speakeasyVersion: latest
    sources:
        Inkeep Agents API:
            inputs:
                - location: https://api.pilot.inkeep.com/openapi.json
            output: .speakeasy/out.openapi.yaml
            registry:
                location: registry.speakeasyapi.dev/inkeep/inkeep/inkeep-agents-api
    targets:
        inkeep-agents:
            target: mcp-typescript
            source: Inkeep Agents API
