speakeasyVersion: 1.658.2
sources:
    Inkeep Agents Manage API:
        sourceNamespace: inkeep-agents-manage-api
        sourceRevisionDigest: sha256:61b5cab878bb1a90ba785f86737d3f87f3c190a02c4f1e3c2a8b4daa132d655f
        sourceBlobDigest: sha256:61592e1979b34ff35396f9ce9ab686322f9486093640f7b97cc403f8920cb610
        tags:
            - latest
            - 1.0.0
targets:
    inkeep-agents:
        source: Inkeep Agents Manage API
        sourceNamespace: inkeep-agents-manage-api
        sourceRevisionDigest: sha256:61b5cab878bb1a90ba785f86737d3f87f3c190a02c4f1e3c2a8b4daa132d655f
        sourceBlobDigest: sha256:61592e1979b34ff35396f9ce9ab686322f9486093640f7b97cc403f8920cb610
workflow:
    workflowVersion: 1.0.0
    speakeasyVersion: latest
    sources:
        Inkeep Agents Manage API:
            inputs:
                - location: openapi.json
            output: .speakeasy/out.openapi.yaml
            registry:
                location: registry.speakeasyapi.dev/inkeep/inkeep/inkeep-agents-manage-api
    targets:
        inkeep-agents:
            target: mcp-typescript
            source: Inkeep Agents Manage API
